// !$*UTF8*$!
{
	archiveVersion = 1;
	classes = {
	};
	objectVersion = 46;
	objects = {

/* Begin PBXBuildFile section */
		5853451E185928680019F2FD /* Foundation.framework in Frameworks */ = {isa = PBXBuildFile; fileRef = 5853451D185928680019F2FD /* Foundation.framework */; };
		58534520185928680019F2FD /* CoreGraphics.framework in Frameworks */ = {isa = PBXBuildFile; fileRef = 5853451F185928680019F2FD /* CoreGraphics.framework */; };
		58534522185928680019F2FD /* UIKit.framework in Frameworks */ = {isa = PBXBuildFile; fileRef = 58534521185928680019F2FD /* UIKit.framework */; };
		58534528185928680019F2FD /* InfoPlist.strings in Resources */ = {isa = PBXBuildFile; fileRef = 58534526185928680019F2FD /* InfoPlist.strings */; };
		5853452A185928680019F2FD /* main.m in Sources */ = {isa = PBXBuildFile; fileRef = 58534529185928680019F2FD /* main.m */; };
		5853452E185928680019F2FD /* AppDelegate.m in Sources */ = {isa = PBXBuildFile; fileRef = 5853452D185928680019F2FD /* AppDelegate.m */; };
		58534531185928680019F2FD /* Main_iPhone.storyboard in Resources */ = {isa = PBXBuildFile; fileRef = 5853452F185928680019F2FD /* Main_iPhone.storyboard */; };
		58534534185928680019F2FD /* Main_iPad.storyboard in Resources */ = {isa = PBXBuildFile; fileRef = 58534532185928680019F2FD /* Main_iPad.storyboard */; };
		58534537185928680019F2FD /* ViewController.m in Sources */ = {isa = PBXBuildFile; fileRef = 58534536185928680019F2FD /* ViewController.m */; };
		58534539185928680019F2FD /* Images.xcassets in Resources */ = {isa = PBXBuildFile; fileRef = 58534538185928680019F2FD /* Images.xcassets */; };
		58534540185928680019F2FD /* XCTest.framework in Frameworks */ = {isa = PBXBuildFile; fileRef = 5853453F185928680019F2FD /* XCTest.framework */; };
		58534541185928680019F2FD /* Foundation.framework in Frameworks */ = {isa = PBXBuildFile; fileRef = 5853451D185928680019F2FD /* Foundation.framework */; };
		58534542185928680019F2FD /* UIKit.framework in Frameworks */ = {isa = PBXBuildFile; fileRef = 58534521185928680019F2FD /* UIKit.framework */; };
		5853454A185928680019F2FD /* InfoPlist.strings in Resources */ = {isa = PBXBuildFile; fileRef = 58534548185928680019F2FD /* InfoPlist.strings */; };
		5853454C185928680019F2FD /* kmagineTests.m in Sources */ = {isa = PBXBuildFile; fileRef = 5853454B185928680019F2FD /* kmagineTests.m */; };
		58534562185B468C0019F2FD /* KumaSound.m in Sources */ = {isa = PBXBuildFile; fileRef = 58534561185B468C0019F2FD /* KumaSound.m */; };
		5853456A185B60900019F2FD /* Reachability.m in Sources */ = {isa = PBXBuildFile; fileRef = 58534569185B60900019F2FD /* Reachability.m */; };
		5853456C185B61940019F2FD /* AVFoundation.framework in Frameworks */ = {isa = PBXBuildFile; fileRef = 5853456B185B61940019F2FD /* AVFoundation.framework */; };
		5853456E185DC8A40019F2FD /* html in Resources */ = {isa = PBXBuildFile; fileRef = 5853456D185DC8A40019F2FD /* html */; };
/* End PBXBuildFile section */

/* Begin PBXContainerItemProxy section */
		58534543185928680019F2FD /* PBXContainerItemProxy */ = {
			isa = PBXContainerItemProxy;
			containerPortal = 58534512185928680019F2FD /* Project object */;
			proxyType = 1;
			remoteGlobalIDString = 58534519185928680019F2FD;
			remoteInfo = kmagine;
		};
/* End PBXContainerItemProxy section */

/* Begin PBXFileReference section */
		5853451A185928680019F2FD /* kmagine.app */ = {isa = PBXFileReference; explicitFileType = wrapper.application; includeInIndex = 0; path = kmagine.app; sourceTree = BUILT_PRODUCTS_DIR; };
		5853451D185928680019F2FD /* Foundation.framework */ = {isa = PBXFileReference; lastKnownFileType = wrapper.framework; name = Foundation.framework; path = System/Library/Frameworks/Foundation.framework; sourceTree = SDKROOT; };
		5853451F185928680019F2FD /* CoreGraphics.framework */ = {isa = PBXFileReference; lastKnownFileType = wrapper.framework; name = CoreGraphics.framework; path = System/Library/Frameworks/CoreGraphics.framework; sourceTree = SDKROOT; };
		58534521185928680019F2FD /* UIKit.framework */ = {isa = PBXFileReference; lastKnownFileType = wrapper.framework; name = UIKit.framework; path = System/Library/Frameworks/UIKit.framework; sourceTree = SDKROOT; };
		58534525185928680019F2FD /* kmagine-Info.plist */ = {isa = PBXFileReference; lastKnownFileType = text.plist.xml; path = "kmagine-Info.plist"; sourceTree = "<group>"; };
		58534527185928680019F2FD /* en */ = {isa = PBXFileReference; lastKnownFileType = text.plist.strings; name = en; path = en.lproj/InfoPlist.strings; sourceTree = "<group>"; };
		58534529185928680019F2FD /* main.m */ = {isa = PBXFileReference; lastKnownFileType = sourcecode.c.objc; path = main.m; sourceTree = "<group>"; };
		5853452B185928680019F2FD /* kmagine-Prefix.pch */ = {isa = PBXFileReference; lastKnownFileType = sourcecode.c.h; path = "kmagine-Prefix.pch"; sourceTree = "<group>"; };
		5853452C185928680019F2FD /* AppDelegate.h */ = {isa = PBXFileReference; lastKnownFileType = sourcecode.c.h; path = AppDelegate.h; sourceTree = "<group>"; };
		5853452D185928680019F2FD /* AppDelegate.m */ = {isa = PBXFileReference; lastKnownFileType = sourcecode.c.objc; path = AppDelegate.m; sourceTree = "<group>"; };
		58534530185928680019F2FD /* Base */ = {isa = PBXFileReference; lastKnownFileType = file.storyboard; name = Base; path = Base.lproj/Main_iPhone.storyboard; sourceTree = "<group>"; };
		58534533185928680019F2FD /* Base */ = {isa = PBXFileReference; lastKnownFileType = file.storyboard; name = Base; path = Base.lproj/Main_iPad.storyboard; sourceTree = "<group>"; };
		58534535185928680019F2FD /* ViewController.h */ = {isa = PBXFileReference; lastKnownFileType = sourcecode.c.h; path = ViewController.h; sourceTree = "<group>"; };
		58534536185928680019F2FD /* ViewController.m */ = {isa = PBXFileReference; lastKnownFileType = sourcecode.c.objc; path = ViewController.m; sourceTree = "<group>"; };
		58534538185928680019F2FD /* Images.xcassets */ = {isa = PBXFileReference; lastKnownFileType = folder.assetcatalog; path = Images.xcassets; sourceTree = "<group>"; };
		5853453E185928680019F2FD /* kmagineTests.xctest */ = {isa = PBXFileReference; explicitFileType = wrapper.cfbundle; includeInIndex = 0; path = kmagineTests.xctest; sourceTree = BUILT_PRODUCTS_DIR; };
		5853453F185928680019F2FD /* XCTest.framework */ = {isa = PBXFileReference; lastKnownFileType = wrapper.framework; name = XCTest.framework; path = Library/Frameworks/XCTest.framework; sourceTree = DEVELOPER_DIR; };
		58534547185928680019F2FD /* kmagineTests-Info.plist */ = {isa = PBXFileReference; lastKnownFileType = text.plist.xml; path = "kmagineTests-Info.plist"; sourceTree = "<group>"; };
		58534549185928680019F2FD /* en */ = {isa = PBXFileReference; lastKnownFileType = text.plist.strings; name = en; path = en.lproj/InfoPlist.strings; sourceTree = "<group>"; };
		5853454B185928680019F2FD /* kmagineTests.m */ = {isa = PBXFileReference; lastKnownFileType = sourcecode.c.objc; path = kmagineTests.m; sourceTree = "<group>"; };
		58534560185B468C0019F2FD /* KumaSound.h */ = {isa = PBXFileReference; fileEncoding = 4; lastKnownFileType = sourcecode.c.h; path = KumaSound.h; sourceTree = "<group>"; };
		58534561185B468C0019F2FD /* KumaSound.m */ = {isa = PBXFileReference; fileEncoding = 4; lastKnownFileType = sourcecode.c.objc; path = KumaSound.m; sourceTree = "<group>"; };
		58534568185B60900019F2FD /* Reachability.h */ = {isa = PBXFileReference; fileEncoding = 4; lastKnownFileType = sourcecode.c.h; name = Reachability.h; path = Reachability/Reachability.h; sourceTree = "<group>"; };
		58534569185B60900019F2FD /* Reachability.m */ = {isa = PBXFileReference; fileEncoding = 4; lastKnownFileType = sourcecode.c.objc; name = Reachability.m; path = Reachability/Reachability.m; sourceTree = "<group>"; };
		5853456B185B61940019F2FD /* AVFoundation.framework */ = {isa = PBXFileReference; lastKnownFileType = wrapper.framework; name = AVFoundation.framework; path = System/Library/Frameworks/AVFoundation.framework; sourceTree = SDKROOT; };
		5853456D185DC8A40019F2FD /* html */ = {isa = PBXFileReference; lastKnownFileType = folder; path = html; sourceTree = "<group>"; };
/* End PBXFileReference section */

/* Begin PBXFrameworksBuildPhase section */
		58534517185928680019F2FD /* Frameworks */ = {
			isa = PBXFrameworksBuildPhase;
			buildActionMask = 2147483647;
			files = (
				5853456C185B61940019F2FD /* AVFoundation.framework in Frameworks */,
				58534520185928680019F2FD /* CoreGraphics.framework in Frameworks */,
				58534522185928680019F2FD /* UIKit.framework in Frameworks */,
				5853451E185928680019F2FD /* Foundation.framework in Frameworks */,
			);
			runOnlyForDeploymentPostprocessing = 0;
		};
		5853453B185928680019F2FD /* Frameworks */ = {
			isa = PBXFrameworksBuildPhase;
			buildActionMask = 2147483647;
			files = (
				58534540185928680019F2FD /* XCTest.framework in Frameworks */,
				58534542185928680019F2FD /* UIKit.framework in Frameworks */,
				58534541185928680019F2FD /* Foundation.framework in Frameworks */,
			);
			runOnlyForDeploymentPostprocessing = 0;
		};
/* End PBXFrameworksBuildPhase section */

/* Begin PBXGroup section */
		58534511185928680019F2FD = {
			isa = PBXGroup;
			children = (
				58534523185928680019F2FD /* kmagine */,
				58534545185928680019F2FD /* kmagineTests */,
				5853451C185928680019F2FD /* Frameworks */,
				5853451B185928680019F2FD /* Products */,
			);
			sourceTree = "<group>";
		};
		5853451B185928680019F2FD /* Products */ = {
			isa = PBXGroup;
			children = (
				5853451A185928680019F2FD /* kmagine.app */,
				5853453E185928680019F2FD /* kmagineTests.xctest */,
			);
			name = Products;
			sourceTree = "<group>";
		};
		5853451C185928680019F2FD /* Frameworks */ = {
			isa = PBXGroup;
			children = (
				5853456B185B61940019F2FD /* AVFoundation.framework */,
				5853451D185928680019F2FD /* Foundation.framework */,
				5853451F185928680019F2FD /* CoreGraphics.framework */,
				58534521185928680019F2FD /* UIKit.framework */,
				5853453F185928680019F2FD /* XCTest.framework */,
			);
			name = Frameworks;
			sourceTree = "<group>";
		};
		58534523185928680019F2FD /* kmagine */ = {
			isa = PBXGroup;
			children = (
				5853456D185DC8A40019F2FD /* html */,
				58534568185B60900019F2FD /* Reachability.h */,
				58534569185B60900019F2FD /* Reachability.m */,
				58534560185B468C0019F2FD /* KumaSound.h */,
				58534561185B468C0019F2FD /* KumaSound.m */,
				5853452C185928680019F2FD /* AppDelegate.h */,
				5853452D185928680019F2FD /* AppDelegate.m */,
				5853452F185928680019F2FD /* Main_iPhone.storyboard */,
				58534532185928680019F2FD /* Main_iPad.storyboard */,
				58534535185928680019F2FD /* ViewController.h */,
				58534536185928680019F2FD /* ViewController.m */,
				58534538185928680019F2FD /* Images.xcassets */,
				58534524185928680019F2FD /* Supporting Files */,
			);
			path = kmagine;
			sourceTree = "<group>";
		};
		58534524185928680019F2FD /* Supporting Files */ = {
			isa = PBXGroup;
			children = (
				58534525185928680019F2FD /* kmagine-Info.plist */,
				58534526185928680019F2FD /* InfoPlist.strings */,
				58534529185928680019F2FD /* main.m */,
				5853452B185928680019F2FD /* kmagine-Prefix.pch */,
			);
			name = "Supporting Files";
			sourceTree = "<group>";
		};
		58534545185928680019F2FD /* kmagineTests */ = {
			isa = PBXGroup;
			children = (
				5853454B185928680019F2FD /* kmagineTests.m */,
				58534546185928680019F2FD /* Supporting Files */,
			);
			path = kmagineTests;
			sourceTree = "<group>";
		};
		58534546185928680019F2FD /* Supporting Files */ = {
			isa = PBXGroup;
			children = (
				58534547185928680019F2FD /* kmagineTests-Info.plist */,
				58534548185928680019F2FD /* InfoPlist.strings */,
			);
			name = "Supporting Files";
			sourceTree = "<group>";
		};
/* End PBXGroup section */

/* Begin PBXNativeTarget section */
		58534519185928680019F2FD /* kmagine */ = {
			isa = PBXNativeTarget;
			buildConfigurationList = 5853454F185928680019F2FD /* Build configuration list for PBXNativeTarget "kmagine" */;
			buildPhases = (
				58534516185928680019F2FD /* Sources */,
				58534517185928680019F2FD /* Frameworks */,
				58534518185928680019F2FD /* Resources */,
			);
			buildRules = (
			);
			dependencies = (
			);
			name = kmagine;
			productName = kmagine;
			productReference = 5853451A185928680019F2FD /* kmagine.app */;
			productType = "com.apple.product-type.application";
		};
		5853453D185928680019F2FD /* kmagineTests */ = {
			isa = PBXNativeTarget;
			buildConfigurationList = 58534552185928680019F2FD /* Build configuration list for PBXNativeTarget "kmagineTests" */;
			buildPhases = (
				5853453A185928680019F2FD /* Sources */,
				5853453B185928680019F2FD /* Frameworks */,
				5853453C185928680019F2FD /* Resources */,
			);
			buildRules = (
			);
			dependencies = (
				58534544185928680019F2FD /* PBXTargetDependency */,
			);
			name = kmagineTests;
			productName = kmagineTests;
			productReference = 5853453E185928680019F2FD /* kmagineTests.xctest */;
			productType = "com.apple.product-type.bundle.unit-test";
		};
/* End PBXNativeTarget section */

/* Begin PBXProject section */
		58534512185928680019F2FD /* Project object */ = {
			isa = PBXProject;
			attributes = {
				LastUpgradeCheck = 0500;
				ORGANIZATIONNAME = mofukuma;
				TargetAttributes = {
					5853453D185928680019F2FD = {
						TestTargetID = 58534519185928680019F2FD;
					};
				};
			};
			buildConfigurationList = 58534515185928680019F2FD /* Build configuration list for PBXProject "kmagine" */;
			compatibilityVersion = "Xcode 3.2";
			developmentRegion = English;
			hasScannedForEncodings = 0;
			knownRegions = (
				en,
				Base,
			);
			mainGroup = 58534511185928680019F2FD;
			productRefGroup = 5853451B185928680019F2FD /* Products */;
			projectDirPath = "";
			projectRoot = "";
			targets = (
				58534519185928680019F2FD /* kmagine */,
				5853453D185928680019F2FD /* kmagineTests */,
			);
		};
/* End PBXProject section */

/* Begin PBXResourcesBuildPhase section */
		58534518185928680019F2FD /* Resources */ = {
			isa = PBXResourcesBuildPhase;
			buildActionMask = 2147483647;
			files = (
				58534534185928680019F2FD /* Main_iPad.storyboard in Resources */,
				58534539185928680019F2FD /* Images.xcassets in Resources */,
				58534531185928680019F2FD /* Main_iPhone.storyboard in Resources */,
				58534528185928680019F2FD /* InfoPlist.strings in Resources */,
				5853456E185DC8A40019F2FD /* html in Resources */,
			);
			runOnlyForDeploymentPostprocessing = 0;
		};
		5853453C185928680019F2FD /* Resources */ = {
			isa = PBXResourcesBuildPhase;
			buildActionMask = 2147483647;
			files = (
				5853454A185928680019F2FD /* InfoPlist.strings in Resources */,
			);
			runOnlyForDeploymentPostprocessing = 0;
		};
/* End PBXResourcesBuildPhase section */

/* Begin PBXSourcesBuildPhase section */
		58534516185928680019F2FD /* Sources */ = {
			isa = PBXSourcesBuildPhase;
			buildActionMask = 2147483647;
			files = (
				58534537185928680019F2FD /* ViewController.m in Sources */,
				58534562185B468C0019F2FD /* KumaSound.m in Sources */,
				5853452E185928680019F2FD /* AppDelegate.m in Sources */,
				5853456A185B60900019F2FD /* Reachability.m in Sources */,
				5853452A185928680019F2FD /* main.m in Sources */,
			);
			runOnlyForDeploymentPostprocessing = 0;
		};
		5853453A185928680019F2FD /* Sources */ = {
			isa = PBXSourcesBuildPhase;
			buildActionMask = 2147483647;
			files = (
				5853454C185928680019F2FD /* kmagineTests.m in Sources */,
			);
			runOnlyForDeploymentPostprocessing = 0;
		};
/* End PBXSourcesBuildPhase section */

/* Begin PBXTargetDependency section */
		58534544185928680019F2FD /* PBXTargetDependency */ = {
			isa = PBXTargetDependency;
			target = 58534519185928680019F2FD /* kmagine */;
			targetProxy = 58534543185928680019F2FD /* PBXContainerItemProxy */;
		};
/* End PBXTargetDependency section */

/* Begin PBXVariantGroup section */
		58534526185928680019F2FD /* InfoPlist.strings */ = {
			isa = PBXVariantGroup;
			children = (
				58534527185928680019F2FD /* en */,
			);
			name = InfoPlist.strings;
			sourceTree = "<group>";
		};
		5853452F185928680019F2FD /* Main_iPhone.storyboard */ = {
			isa = PBXVariantGroup;
			children = (
				58534530185928680019F2FD /* Base */,
			);
			name = Main_iPhone.storyboard;
			sourceTree = "<group>";
		};
		58534532185928680019F2FD /* Main_iPad.storyboard */ = {
			isa = PBXVariantGroup;
			children = (
				58534533185928680019F2FD /* Base */,
			);
			name = Main_iPad.storyboard;
			sourceTree = "<group>";
		};
		58534548185928680019F2FD /* InfoPlist.strings */ = {
			isa = PBXVariantGroup;
			children = (
				58534549185928680019F2FD /* en */,
			);
			name = InfoPlist.strings;
			sourceTree = "<group>";
		};
/* End PBXVariantGroup section */

/* Begin XCBuildConfiguration section */
		5853454D185928680019F2FD /* Debug */ = {
			isa = XCBuildConfiguration;
			buildSettings = {
				ALWAYS_SEARCH_USER_PATHS = NO;
				ARCHS = "$(ARCHS_STANDARD_INCLUDING_64_BIT)";
				CLANG_CXX_LANGUAGE_STANDARD = "gnu++0x";
				CLANG_CXX_LIBRARY = "libc++";
				CLANG_ENABLE_MODULES = YES;
				CLANG_ENABLE_OBJC_ARC = YES;
				CLANG_WARN_BOOL_CONVERSION = YES;
				CLANG_WARN_CONSTANT_CONVERSION = YES;
				CLANG_WARN_DIRECT_OBJC_ISA_USAGE = YES_ERROR;
				CLANG_WARN_EMPTY_BODY = YES;
				CLANG_WARN_ENUM_CONVERSION = YES;
				CLANG_WARN_INT_CONVERSION = YES;
				CLANG_WARN_OBJC_ROOT_CLASS = YES_ERROR;
				CLANG_WARN__DUPLICATE_METHOD_MATCH = YES;
				"CODE_SIGN_IDENTITY[sdk=iphoneos*]" = "iPhone Developer";
				COPY_PHASE_STRIP = NO;
				GCC_C_LANGUAGE_STANDARD = gnu99;
				GCC_DYNAMIC_NO_PIC = NO;
				GCC_OPTIMIZATION_LEVEL = 0;
				GCC_PREPROCESSOR_DEFINITIONS = (
					"DEBUG=1",
					"$(inherited)",
				);
				GCC_SYMBOLS_PRIVATE_EXTERN = NO;
				GCC_WARN_64_TO_32_BIT_CONVERSION = YES;
				GCC_WARN_ABOUT_RETURN_TYPE = YES_ERROR;
				GCC_WARN_UNDECLARED_SELECTOR = YES;
				GCC_WARN_UNINITIALIZED_AUTOS = YES;
				GCC_WARN_UNUSED_FUNCTION = YES;
				GCC_WARN_UNUSED_VARIABLE = YES;
				IPHONEOS_DEPLOYMENT_TARGET = 7.0;
				ONLY_ACTIVE_ARCH = YES;
				SDKROOT = iphoneos;
				TARGETED_DEVICE_FAMILY = "1,2";
			};
			name = Debug;
		};
		5853454E185928680019F2FD /* Release */ = {
			isa = XCBuildConfiguration;
			buildSettings = {
				ALWAYS_SEARCH_USER_PATHS = NO;
				ARCHS = "$(ARCHS_STANDARD_INCLUDING_64_BIT)";
				CLANG_CXX_LANGUAGE_STANDARD = "gnu++0x";
				CLANG_CXX_LIBRARY = "libc++";
				CLANG_ENABLE_MODULES = YES;
				CLANG_ENABLE_OBJC_ARC = YES;
				CLANG_WARN_BOOL_CONVERSION = YES;
				CLANG_WARN_CONSTANT_CONVERSION = YES;
				CLANG_WARN_DIRECT_OBJC_ISA_USAGE = YES_ERROR;
				CLANG_WARN_EMPTY_BODY = YES;
				CLANG_WARN_ENUM_CONVERSION = YES;
				CLANG_WARN_INT_CONVERSION = YES;
				CLANG_WARN_OBJC_ROOT_CLASS = YES_ERROR;
				CLANG_WARN__DUPLICATE_METHOD_MATCH = YES;
				"CODE_SIGN_IDENTITY[sdk=iphoneos*]" = "iPhone Developer";
				COPY_PHASE_STRIP = YES;
				ENABLE_NS_ASSERTIONS = NO;
				GCC_C_LANGUAGE_STANDARD = gnu99;
				GCC_WARN_64_TO_32_BIT_CONVERSION = YES;
				GCC_WARN_ABOUT_RETURN_TYPE = YES_ERROR;
				GCC_WARN_UNDECLARED_SELECTOR = YES;
				GCC_WARN_UNINITIALIZED_AUTOS = YES;
				GCC_WARN_UNUSED_FUNCTION = YES;
				GCC_WARN_UNUSED_VARIABLE = YES;
				IPHONEOS_DEPLOYMENT_TARGET = 7.0;
				SDKROOT = iphoneos;
				TARGETED_DEVICE_FAMILY = "1,2";
				VALIDATE_PRODUCT = YES;
			};
			name = Release;
		};
		58534550185928680019F2FD /* Debug */ = {
			isa = XCBuildConfiguration;
			buildSettings = {
				ASSETCATALOG_COMPILER_APPICON_NAME = AppIcon;
				ASSETCATALOG_COMPILER_LAUNCHIMAGE_NAME = LaunchImage;
				GCC_PRECOMPILE_PREFIX_HEADER = YES;
				GCC_PREFIX_HEADER = "kmagine/kmagine-Prefix.pch";
				INFOPLIST_FILE = "kmagine/kmagine-Info.plist";
				IPHONEOS_DEPLOYMENT_TARGET = 6.0;
				PRODUCT_NAME = "$(TARGET_NAME)";
				WRAPPER_EXTENSION = app;
			};
			name = Debug;
		};
		58534551185928680019F2FD /* Release */ = {
			isa = XCBuildConfiguration;
			buildSettings = {
				ASSETCATALOG_COMPILER_APPICON_NAME = AppIcon;
				ASSETCATALOG_COMPILER_LAUNCHIMAGE_NAME = LaunchImage;
				GCC_PRECOMPILE_PREFIX_HEADER = YES;
				GCC_PREFIX_HEADER = "kmagine/kmagine-Prefix.pch";
				INFOPLIST_FILE = "kmagine/kmagine-Info.plist";
				IPHONEOS_DEPLOYMENT_TARGET = 6.0;
				PRODUCT_NAME = "$(TARGET_NAME)";
				WRAPPER_EXTENSION = app;
			};
			name = Release;
		};
		58534553185928680019F2FD /* Debug */ = {
			isa = XCBuildConfiguration;
			buildSettings = {
				ARCHS = "$(ARCHS_STANDARD_INCLUDING_64_BIT)";
				BUNDLE_LOADER = "$(BUILT_PRODUCTS_DIR)/kmagine.app/kmagine";
				FRAMEWORK_SEARCH_PATHS = (
					"$(SDKROOT)/Developer/Library/Frameworks",
					"$(inherited)",
					"$(DEVELOPER_FRAMEWORKS_DIR)",
				);
				GCC_PRECOMPILE_PREFIX_HEADER = YES;
				GCC_PREFIX_HEADER = "kmagine/kmagine-Prefix.pch";
				GCC_PREPROCESSOR_DEFINITIONS = (
					"DEBUG=1",
					"$(inherited)",
				);
				INFOPLIST_FILE = "kmagineTests/kmagineTests-Info.plist";
				PRODUCT_NAME = "$(TARGET_NAME)";
				TEST_HOST = "$(BUNDLE_LOADER)";
				WRAPPER_EXTENSION = xctest;
			};
			name = Debug;
		};
		58534554185928680019F2FD /* Release */ = {
			isa = XCBuildConfiguration;
			buildSettings = {
				ARCHS = "$(ARCHS_STANDARD_INCLUDING_64_BIT)";
				BUNDLE_LOADER = "$(BUILT_PRODUCTS_DIR)/kmagine.app/kmagine";
				FRAMEWORK_SEARCH_PATHS = (
					"$(SDKROOT)/Developer/Library/Frameworks",
					"$(inherited)",
					"$(DEVELOPER_FRAMEWORKS_DIR)",
				);
				GCC_PRECOMPILE_PREFIX_HEADER = YES;
				GCC_PREFIX_HEADER = "kmagine/kmagine-Prefix.pch";
				INFOPLIST_FILE = "kmagineTests/kmagineTests-Info.plist";
				PRODUCT_NAME = "$(TARGET_NAME)";
				TEST_HOST = "$(BUNDLE_LOADER)";
				WRAPPER_EXTENSION = xctest;
			};
			name = Release;
		};
/* End XCBuildConfiguration section */

/* Begin XCConfigurationList section */
		58534515185928680019F2FD /* Build configuration list for PBXProject "kmagine" */ = {
			isa = XCConfigurationList;
			buildConfigurations = (
				5853454D185928680019F2FD /* Debug */,
				5853454E185928680019F2FD /* Release */,
			);
			defaultConfigurationIsVisible = 0;
			defaultConfigurationName = Release;
		};
		5853454F185928680019F2FD /* Build configuration list for PBXNativeTarget "kmagine" */ = {
			isa = XCConfigurationList;
			buildConfigurations = (
				58534550185928680019F2FD /* Debug */,
				58534551185928680019F2FD /* Release */,
			);
			defaultConfigurationIsVisible = 0;
			defaultConfigurationName = Release;
		};
		58534552185928680019F2FD /* Build configuration list for PBXNativeTarget "kmagineTests" */ = {
			isa = XCConfigurationList;
			buildConfigurations = (
				58534553185928680019F2FD /* Debug */,
				58534554185928680019F2FD /* Release */,
			);
			defaultConfigurationIsVisible = 0;
			defaultConfigurationName = Release;
		};
/* End XCConfigurationList section */
	};
	rootObject = 58534512185928680019F2FD /* Project object */;
}
